
Microsoft Visual Studio Solution File, Format Version 12.00
# Visual Studio 15
VisualStudioVersion = 15.0.27130.2027
MinimumVisualStudioVersion = 10.0.40219.1
Project("{FAE04EC0-301F-11D3-BF4B-00C04F79EFBC}") = "Media Tracker", "Media Tracker\Media Tracker.csproj", "{D711398E-9901-442B-9768-D73146D90E7E}"
EndProject
Project("{FAE04EC0-301F-11D3-BF4B-00C04F79EFBC}") = "MediaTrackerLibrary", "MediaTrackerLibrary\MediaTrackerLibrary.csproj", "{DEBB1804-1195-4E5C-966D-459BD58F9BB0}"
EndProject
Global
	GlobalSection(SolutionConfigurationPlatforms) = preSolution
		Debug|Any CPU = Debug|Any CPU
		Release|Any CPU = Release|Any CPU
	EndGlobalSection
	GlobalSection(ProjectConfigurationPlatforms) = postSolution
		{D711398E-9901-442B-9768-D73146D90E7E}.Debug|Any CPU.ActiveCfg = Debug|Any CPU
		{D711398E-9901-442B-9768-D73146D90E7E}.Debug|Any CPU.Build.0 = Debug|Any CPU
		{D711398E-9901-442B-9768-D73146D90E7E}.Release|Any CPU.ActiveCfg = Release|Any CPU
		{D711398E-9901-442B-9768-D73146D90E7E}.Release|Any CPU.Build.0 = Release|Any CPU
		{DEBB1804-1195-4E5C-966D-459BD58F9BB0}.Debug|Any CPU.ActiveCfg = Debug|Any CPU
		{DEBB1804-1195-4E5C-966D-459BD58F9BB0}.Debug|Any CPU.Build.0 = Debug|Any CPU
		{DEBB1804-1195-4E5C-966D-459BD58F9BB0}.Release|Any CPU.ActiveCfg = Release|Any CPU
		{DEBB1804-1195-4E5C-966D-459BD58F9BB0}.Release|Any CPU.Build.0 = Release|Any CPU
	EndGlobalSection
	GlobalSection(SolutionProperties) = preSolution
		HideSolutionNode = FALSE
	EndGlobalSection
	GlobalSection(ExtensibilityGlobals) = postSolution
		SolutionGuid = {144BD18F-D515-4F29-B8D1-CE37E3EFD9AE}
	EndGlobalSection
EndGlobal
